
Microsoft Visual Studio Solution File, Format Version 12.00
# Visual Studio Version 17
VisualStudioVersion = 17.12.35707.178
MinimumVisualStudioVersion = 10.0.40219.1
Project("{FAE04EC0-301F-11D3-BF4B-00C04F79EFBC}") = "ERMS", "ERMS.csproj", "{AF3F1E53-CC97-4232-9BF2-3A4934B25D70}"
EndProject
Project("{FAE04EC0-301F-11D3-BF4B-00C04F79EFBC}") = "ERMS.API", "..\ERMS.API\ERMS.API.csproj", "{0F78C0DD-646D-4AEB-BE04-BCADAC2895CF}"
EndProject
Project("{FAE04EC0-301F-11D3-BF4B-00C04F79EFBC}") = "TestProject9", "..\TestProject9\TestProject9.csproj", "{A8AE7653-499B-4C79-BF3F-016B535FA4FB}"
EndProject
Global
	GlobalSection(SolutionConfigurationPlatforms) = preSolution
		Debug|Any CPU = Debug|Any CPU
		Release|Any CPU = Release|Any CPU
	EndGlobalSection
	GlobalSection(ProjectConfigurationPlatforms) = postSolution
		{AF3F1E53-CC97-4232-9BF2-3A4934B25D70}.Debug|Any CPU.ActiveCfg = Debug|Any CPU
		{AF3F1E53-CC97-4232-9BF2-3A4934B25D70}.Debug|Any CPU.Build.0 = Debug|Any CPU
		{AF3F1E53-CC97-4232-9BF2-3A4934B25D70}.Release|Any CPU.ActiveCfg = Release|Any CPU
		{AF3F1E53-CC97-4232-9BF2-3A4934B25D70}.Release|Any CPU.Build.0 = Release|Any CPU
		{0F78C0DD-646D-4AEB-BE04-BCADAC2895CF}.Debug|Any CPU.ActiveCfg = Debug|Any CPU
		{0F78C0DD-646D-4AEB-BE04-BCADAC2895CF}.Debug|Any CPU.Build.0 = Debug|Any CPU
		{0F78C0DD-646D-4AEB-BE04-BCADAC2895CF}.Release|Any CPU.ActiveCfg = Release|Any CPU
		{0F78C0DD-646D-4AEB-BE04-BCADAC2895CF}.Release|Any CPU.Build.0 = Release|Any CPU
		{A8AE7653-499B-4C79-BF3F-016B535FA4FB}.Debug|Any CPU.ActiveCfg = Debug|Any CPU
		{A8AE7653-499B-4C79-BF3F-016B535FA4FB}.Debug|Any CPU.Build.0 = Debug|Any CPU
		{A8AE7653-499B-4C79-BF3F-016B535FA4FB}.Release|Any CPU.ActiveCfg = Release|Any CPU
		{A8AE7653-499B-4C79-BF3F-016B535FA4FB}.Release|Any CPU.Build.0 = Release|Any CPU
	EndGlobalSection
	GlobalSection(SolutionProperties) = preSolution
		HideSolutionNode = FALSE
	EndGlobalSection
EndGlobal
